
Microsoft Visual Studio Solution File, Format Version 12.00
# Visual Studio Version 16
VisualStudioVersion = 16.0.29209.62
MinimumVisualStudioVersion = 10.0.40219.1
Project("{FAE04EC0-301F-11D3-BF4B-00C04F79EFBC}") = "Tetris", "Tetris\Tetris.csproj", "{3FD716F3-82E4-4001-98B1-33532CF2FF92}"
EndProject
Global
	GlobalSection(SolutionConfigurationPlatforms) = preSolution
		Debug|Any CPU = Debug|Any CPU
		Release|Any CPU = Release|Any CPU
	EndGlobalSection
	GlobalSection(ProjectConfigurationPlatforms) = postSolution
		{3FD716F3-82E4-4001-98B1-33532CF2FF92}.Debug|Any CPU.ActiveCfg = Debug|Any CPU
		{3FD716F3-82E4-4001-98B1-33532CF2FF92}.Debug|Any CPU.Build.0 = Debug|Any CPU
		{3FD716F3-82E4-4001-98B1-33532CF2FF92}.Release|Any CPU.ActiveCfg = Release|Any CPU
		{3FD716F3-82E4-4001-98B1-33532CF2FF92}.Release|Any CPU.Build.0 = Release|Any CPU
	EndGlobalSection
	GlobalSection(SolutionProperties) = preSolution
		HideSolutionNode = FALSE
	EndGlobalSection
	GlobalSection(ExtensibilityGlobals) = postSolution
		SolutionGuid = {36DCFCCA-C1DC-4EB0-8CE9-549B2D0030A9}
	EndGlobalSection
EndGlobal
